// !$*UTF8*$!
{
	archiveVersion = 1;
	classes = {
	};
	objectVersion = 51;
	objects = {

/* Begin PBXBuildFile section */
		849325952602C35800A8029C /* SettingsView.swift in Sources */ = {isa = PBXBuildFile; fileRef = 849325942602C35800A8029C /* SettingsView.swift */; };
		84CDB7BA25FCD14900F9A76D /* AppDelegate.swift in Sources */ = {isa = PBXBuildFile; fileRef = 84CDB7B925FCD14900F9A76D /* AppDelegate.swift */; };
		84CDB7BC25FCD14900F9A76D /* SceneDelegate.swift in Sources */ = {isa = PBXBuildFile; fileRef = 84CDB7BB25FCD14900F9A76D /* SceneDelegate.swift */; };
		84CDB7BE25FCD14900F9A76D /* ViewController.swift in Sources */ = {isa = PBXBuildFile; fileRef = 84CDB7BD25FCD14900F9A76D /* ViewController.swift */; };
		84CDB7C125FCD14900F9A76D /* Main.storyboard in Resources */ = {isa = PBXBuildFile; fileRef = 84CDB7BF25FCD14900F9A76D /* Main.storyboard */; };
		84CDB7C325FCD14B00F9A76D /* Assets.xcassets in Resources */ = {isa = PBXBuildFile; fileRef = 84CDB7C225FCD14B00F9A76D /* Assets.xcassets */; };
		84CDB7C625FCD14B00F9A76D /* LaunchScreen.storyboard in Resources */ = {isa = PBXBuildFile; fileRef = 84CDB7C425FCD14B00F9A76D /* LaunchScreen.storyboard */; };
		84CDB7F025FCD6F000F9A76D /* GoogleService-Info.plist in Resources */ = {isa = PBXBuildFile; fileRef = 84CDB7EF25FCD6F000F9A76D /* GoogleService-Info.plist */; };
		84CDB7F625FCD99A00F9A76D /* ChatViewController.swift in Sources */ = {isa = PBXBuildFile; fileRef = 84CDB7F525FCD99A00F9A76D /* ChatViewController.swift */; };
		84CDB7F925FCD9EB00F9A76D /* LoginViewController.swift in Sources */ = {isa = PBXBuildFile; fileRef = 84CDB7F825FCD9EB00F9A76D /* LoginViewController.swift */; };
		84CDB7FC25FCD9FD00F9A76D /* SignUpViewController.swift in Sources */ = {isa = PBXBuildFile; fileRef = 84CDB7FB25FCD9FD00F9A76D /* SignUpViewController.swift */; };
		84CDB80025FCDC0B00F9A76D /* UserAuthWithEmailView.swift in Sources */ = {isa = PBXBuildFile; fileRef = 84CDB7FF25FCDC0B00F9A76D /* UserAuthWithEmailView.swift */; };
		84CDB80325FCDC3C00F9A76D /* Extensions.swift in Sources */ = {isa = PBXBuildFile; fileRef = 84CDB80225FCDC3C00F9A76D /* Extensions.swift */; };
		84CDB80725FCDCC200F9A76D /* ActionButton.swift in Sources */ = {isa = PBXBuildFile; fileRef = 84CDB80625FCDCC200F9A76D /* ActionButton.swift */; };
		84CDB80B25FCE61600F9A76D /* Service.swift in Sources */ = {isa = PBXBuildFile; fileRef = 84CDB80A25FCE61600F9A76D /* Service.swift */; };
		84CDB80F25FCE69200F9A76D /* User.swift in Sources */ = {isa = PBXBuildFile; fileRef = 84CDB80E25FCE69200F9A76D /* User.swift */; };
		84CDB81225FCE69F00F9A76D /* Message.swift in Sources */ = {isa = PBXBuildFile; fileRef = 84CDB81125FCE69F00F9A76D /* Message.swift */; };
		84CDB81825FCFC7C00F9A76D /* MenuViewController.swift in Sources */ = {isa = PBXBuildFile; fileRef = 84CDB81725FCFC7C00F9A76D /* MenuViewController.swift */; };
		84CDB81B25FCFC9A00F9A76D /* SettingsViewController.swift in Sources */ = {isa = PBXBuildFile; fileRef = 84CDB81A25FCFC9A00F9A76D /* SettingsViewController.swift */; };
		84CDB81F25FD1C4300F9A76D /* ContainerViewController.swift in Sources */ = {isa = PBXBuildFile; fileRef = 84CDB81E25FD1C4300F9A76D /* ContainerViewController.swift */; };
		84CDB82325FD280400F9A76D /* ProfileHeader.swift in Sources */ = {isa = PBXBuildFile; fileRef = 84CDB82225FD280400F9A76D /* ProfileHeader.swift */; };
		84CDB82625FD281E00F9A76D /* WebImageView.swift in Sources */ = {isa = PBXBuildFile; fileRef = 84CDB82525FD281E00F9A76D /* WebImageView.swift */; };
		84CDB82A25FD2CF700F9A76D /* MenuTableView.swift in Sources */ = {isa = PBXBuildFile; fileRef = 84CDB82925FD2CF700F9A76D /* MenuTableView.swift */; };
		D82A8FD5E45D93A5CF2A0B3E /* Pods_ChatApp.framework in Frameworks */ = {isa = PBXBuildFile; fileRef = 9A97869201F0362B0F4D8230 /* Pods_ChatApp.framework */; };
/* End PBXBuildFile section */

/* Begin PBXFileReference section */
		849325942602C35800A8029C /* SettingsView.swift */ = {isa = PBXFileReference; lastKnownFileType = sourcecode.swift; path = SettingsView.swift; sourceTree = "<group>"; };
		84CDB7B625FCD14900F9A76D /* ChatApp.app */ = {isa = PBXFileReference; explicitFileType = wrapper.application; includeInIndex = 0; path = ChatApp.app; sourceTree = BUILT_PRODUCTS_DIR; };
		84CDB7B925FCD14900F9A76D /* AppDelegate.swift */ = {isa = PBXFileReference; lastKnownFileType = sourcecode.swift; path = AppDelegate.swift; sourceTree = "<group>"; };
		84CDB7BB25FCD14900F9A76D /* SceneDelegate.swift */ = {isa = PBXFileReference; lastKnownFileType = sourcecode.swift; path = SceneDelegate.swift; sourceTree = "<group>"; };
		84CDB7BD25FCD14900F9A76D /* ViewController.swift */ = {isa = PBXFileReference; lastKnownFileType = sourcecode.swift; path = ViewController.swift; sourceTree = "<group>"; };
		84CDB7C025FCD14900F9A76D /* Base */ = {isa = PBXFileReference; lastKnownFileType = file.storyboard; name = Base; path = Base.lproj/Main.storyboard; sourceTree = "<group>"; };
		84CDB7C225FCD14B00F9A76D /* Assets.xcassets */ = {isa = PBXFileReference; lastKnownFileType = folder.assetcatalog; path = Assets.xcassets; sourceTree = "<group>"; };
		84CDB7C525FCD14B00F9A76D /* Base */ = {isa = PBXFileReference; lastKnownFileType = file.storyboard; name = Base; path = Base.lproj/LaunchScreen.storyboard; sourceTree = "<group>"; };
		84CDB7C725FCD14B00F9A76D /* Info.plist */ = {isa = PBXFileReference; lastKnownFileType = text.plist.xml; path = Info.plist; sourceTree = "<group>"; };
		84CDB7EF25FCD6F000F9A76D /* GoogleService-Info.plist */ = {isa = PBXFileReference; lastKnownFileType = text.plist; path = "GoogleService-Info.plist"; sourceTree = SOURCE_ROOT; };
		84CDB7F525FCD99A00F9A76D /* ChatViewController.swift */ = {isa = PBXFileReference; lastKnownFileType = sourcecode.swift; path = ChatViewController.swift; sourceTree = "<group>"; };
		84CDB7F825FCD9EB00F9A76D /* LoginViewController.swift */ = {isa = PBXFileReference; lastKnownFileType = sourcecode.swift; path = LoginViewController.swift; sourceTree = "<group>"; };
		84CDB7FB25FCD9FD00F9A76D /* SignUpViewController.swift */ = {isa = PBXFileReference; lastKnownFileType = sourcecode.swift; path = SignUpViewController.swift; sourceTree = "<group>"; };
		84CDB7FF25FCDC0B00F9A76D /* UserAuthWithEmailView.swift */ = {isa = PBXFileReference; lastKnownFileType = sourcecode.swift; path = UserAuthWithEmailView.swift; sourceTree = "<group>"; };
		84CDB80225FCDC3C00F9A76D /* Extensions.swift */ = {isa = PBXFileReference; lastKnownFileType = sourcecode.swift; path = Extensions.swift; sourceTree = "<group>"; };
		84CDB80625FCDCC200F9A76D /* ActionButton.swift */ = {isa = PBXFileReference; lastKnownFileType = sourcecode.swift; path = ActionButton.swift; sourceTree = "<group>"; };
		84CDB80A25FCE61600F9A76D /* Service.swift */ = {isa = PBXFileReference; lastKnownFileType = sourcecode.swift; path = Service.swift; sourceTree = "<group>"; };
		84CDB80E25FCE69200F9A76D /* User.swift */ = {isa = PBXFileReference; lastKnownFileType = sourcecode.swift; path = User.swift; sourceTree = "<group>"; };
		84CDB81125FCE69F00F9A76D /* Message.swift */ = {isa = PBXFileReference; lastKnownFileType = sourcecode.swift; path = Message.swift; sourceTree = "<group>"; };
		84CDB81725FCFC7C00F9A76D /* MenuViewController.swift */ = {isa = PBXFileReference; lastKnownFileType = sourcecode.swift; path = MenuViewController.swift; sourceTree = "<group>"; };
		84CDB81A25FCFC9A00F9A76D /* SettingsViewController.swift */ = {isa = PBXFileReference; lastKnownFileType = sourcecode.swift; path = SettingsViewController.swift; sourceTree = "<group>"; };
		84CDB81E25FD1C4300F9A76D /* ContainerViewController.swift */ = {isa = PBXFileReference; lastKnownFileType = sourcecode.swift; path = ContainerViewController.swift; sourceTree = "<group>"; };
		84CDB82225FD280400F9A76D /* ProfileHeader.swift */ = {isa = PBXFileReference; lastKnownFileType = sourcecode.swift; path = ProfileHeader.swift; sourceTree = "<group>"; };
		84CDB82525FD281E00F9A76D /* WebImageView.swift */ = {isa = PBXFileReference; lastKnownFileType = sourcecode.swift; path = WebImageView.swift; sourceTree = "<group>"; };
		84CDB82925FD2CF700F9A76D /* MenuTableView.swift */ = {isa = PBXFileReference; lastKnownFileType = sourcecode.swift; path = MenuTableView.swift; sourceTree = "<group>"; };
		9A97869201F0362B0F4D8230 /* Pods_ChatApp.framework */ = {isa = PBXFileReference; explicitFileType = wrapper.framework; includeInIndex = 0; path = Pods_ChatApp.framework; sourceTree = BUILT_PRODUCTS_DIR; };
		C1EA70F4FC9C1EDE3F59735E /* Pods-ChatApp.release.xcconfig */ = {isa = PBXFileReference; includeInIndex = 1; lastKnownFileType = text.xcconfig; name = "Pods-ChatApp.release.xcconfig"; path = "Target Support Files/Pods-ChatApp/Pods-ChatApp.release.xcconfig"; sourceTree = "<group>"; };
		E4157C3B7A8CF55C92227273 /* Pods-ChatApp.debug.xcconfig */ = {isa = PBXFileReference; includeInIndex = 1; lastKnownFileType = text.xcconfig; name = "Pods-ChatApp.debug.xcconfig"; path = "Target Support Files/Pods-ChatApp/Pods-ChatApp.debug.xcconfig"; sourceTree = "<group>"; };
/* End PBXFileReference section */

/* Begin PBXFrameworksBuildPhase section */
		84CDB7B325FCD14900F9A76D /* Frameworks */ = {
			isa = PBXFrameworksBuildPhase;
			buildActionMask = 2147483647;
			files = (
				D82A8FD5E45D93A5CF2A0B3E /* Pods_ChatApp.framework in Frameworks */,
			);
			runOnlyForDeploymentPostprocessing = 0;
		};
/* End PBXFrameworksBuildPhase section */

/* Begin PBXGroup section */
		1D2B34AE91A52C7F8753E5F8 /* Pods */ = {
			isa = PBXGroup;
			children = (
				E4157C3B7A8CF55C92227273 /* Pods-ChatApp.debug.xcconfig */,
				C1EA70F4FC9C1EDE3F59735E /* Pods-ChatApp.release.xcconfig */,
			);
			path = Pods;
			sourceTree = "<group>";
		};
		7F45786305D96B86E8A2E15A /* Frameworks */ = {
			isa = PBXGroup;
			children = (
				9A97869201F0362B0F4D8230 /* Pods_ChatApp.framework */,
			);
			name = Frameworks;
			sourceTree = "<group>";
		};
		849325912602BB7900A8029C /* Auth */ = {
			isa = PBXGroup;
			children = (
				84CDB7F825FCD9EB00F9A76D /* LoginViewController.swift */,
				84CDB7FB25FCD9FD00F9A76D /* SignUpViewController.swift */,
			);
			path = Auth;
			sourceTree = "<group>";
		};
		84CDB7AD25FCD14900F9A76D = {
			isa = PBXGroup;
			children = (
				84CDB7B825FCD14900F9A76D /* ChatApp */,
				84CDB7B725FCD14900F9A76D /* Products */,
				1D2B34AE91A52C7F8753E5F8 /* Pods */,
				7F45786305D96B86E8A2E15A /* Frameworks */,
			);
			sourceTree = "<group>";
		};
		84CDB7B725FCD14900F9A76D /* Products */ = {
			isa = PBXGroup;
			children = (
				84CDB7B625FCD14900F9A76D /* ChatApp.app */,
			);
			name = Products;
			sourceTree = "<group>";
		};
		84CDB7B825FCD14900F9A76D /* ChatApp */ = {
			isa = PBXGroup;
			children = (
				84CDB7F225FCD96C00F9A76D /* Model */,
				84CDB7F325FCD97500F9A76D /* View */,
				84CDB7F425FCD97B00F9A76D /* Controller */,
				84CDB7B925FCD14900F9A76D /* AppDelegate.swift */,
				84CDB7BB25FCD14900F9A76D /* SceneDelegate.swift */,
				84CDB7BD25FCD14900F9A76D /* ViewController.swift */,
				84CDB80A25FCE61600F9A76D /* Service.swift */,
				84CDB80225FCDC3C00F9A76D /* Extensions.swift */,
				84CDB82525FD281E00F9A76D /* WebImageView.swift */,
				84CDB7BF25FCD14900F9A76D /* Main.storyboard */,
				84CDB7C225FCD14B00F9A76D /* Assets.xcassets */,
				84CDB7C425FCD14B00F9A76D /* LaunchScreen.storyboard */,
				84CDB7C725FCD14B00F9A76D /* Info.plist */,
				84CDB7EF25FCD6F000F9A76D /* GoogleService-Info.plist */,
			);
			path = ChatApp;
			sourceTree = "<group>";
		};
		84CDB7F225FCD96C00F9A76D /* Model */ = {
			isa = PBXGroup;
			children = (
				84CDB80E25FCE69200F9A76D /* User.swift */,
				84CDB81125FCE69F00F9A76D /* Message.swift */,
			);
			path = Model;
			sourceTree = "<group>";
		};
		84CDB7F325FCD97500F9A76D /* View */ = {
			isa = PBXGroup;
			children = (
				84CDB80625FCDCC200F9A76D /* ActionButton.swift */,
				84CDB7FF25FCDC0B00F9A76D /* UserAuthWithEmailView.swift */,
				84CDB82225FD280400F9A76D /* ProfileHeader.swift */,
				84CDB82925FD2CF700F9A76D /* MenuTableView.swift */,
				849325942602C35800A8029C /* SettingsView.swift */,
			);
			path = View;
			sourceTree = "<group>";
		};
		84CDB7F425FCD97B00F9A76D /* Controller */ = {
			isa = PBXGroup;
			children = (
				849325912602BB7900A8029C /* Auth */,
				84CDB81E25FD1C4300F9A76D /* ContainerViewController.swift */,
				84CDB7F525FCD99A00F9A76D /* ChatViewController.swift */,
				84CDB81725FCFC7C00F9A76D /* MenuViewController.swift */,
				84CDB81A25FCFC9A00F9A76D /* SettingsViewController.swift */,
			);
			path = Controller;
			sourceTree = "<group>";
		};
/* End PBXGroup section */

/* Begin PBXNativeTarget section */
		84CDB7B525FCD14900F9A76D /* ChatApp */ = {
			isa = PBXNativeTarget;
			buildConfigurationList = 84CDB7CA25FCD14B00F9A76D /* Build configuration list for PBXNativeTarget "ChatApp" */;
			buildPhases = (
				C4D75122AE8EE16158E76AD3 /* [CP] Check Pods Manifest.lock */,
				84CDB7B225FCD14900F9A76D /* Sources */,
				84CDB7B325FCD14900F9A76D /* Frameworks */,
				84CDB7B425FCD14900F9A76D /* Resources */,
				F3A1C7ADA426C3C6BEA14F2C /* [CP] Embed Pods Frameworks */,
			);
			buildRules = (
			);
			dependencies = (
			);
			name = ChatApp;
			productName = ChatApp;
			productReference = 84CDB7B625FCD14900F9A76D /* ChatApp.app */;
			productType = "com.apple.product-type.application";
		};
/* End PBXNativeTarget section */

/* Begin PBXProject section */
		84CDB7AE25FCD14900F9A76D /* Project object */ = {
			isa = PBXProject;
			attributes = {
				LastSwiftUpdateCheck = 1240;
				LastUpgradeCheck = 1240;
				TargetAttributes = {
					84CDB7B525FCD14900F9A76D = {
						CreatedOnToolsVersion = 12.4;
					};
				};
			};
			buildConfigurationList = 84CDB7B125FCD14900F9A76D /* Build configuration list for PBXProject "ChatApp" */;
			compatibilityVersion = "Xcode 9.3";
			developmentRegion = en;
			hasScannedForEncodings = 0;
			knownRegions = (
				en,
				Base,
			);
			mainGroup = 84CDB7AD25FCD14900F9A76D;
			productRefGroup = 84CDB7B725FCD14900F9A76D /* Products */;
			projectDirPath = "";
			projectRoot = "";
			targets = (
				84CDB7B525FCD14900F9A76D /* ChatApp */,
			);
		};
/* End PBXProject section */

/* Begin PBXResourcesBuildPhase section */
		84CDB7B425FCD14900F9A76D /* Resources */ = {
			isa = PBXResourcesBuildPhase;
			buildActionMask = 2147483647;
			files = (
				84CDB7C625FCD14B00F9A76D /* LaunchScreen.storyboard in Resources */,
				84CDB7F025FCD6F000F9A76D /* GoogleService-Info.plist in Resources */,
				84CDB7C325FCD14B00F9A76D /* Assets.xcassets in Resources */,
				84CDB7C125FCD14900F9A76D /* Main.storyboard in Resources */,
			);
			runOnlyForDeploymentPostprocessing = 0;
		};
/* End PBXResourcesBuildPhase section */

/* Begin PBXShellScriptBuildPhase section */
		C4D75122AE8EE16158E76AD3 /* [CP] Check Pods Manifest.lock */ = {
			isa = PBXShellScriptBuildPhase;
			buildActionMask = 2147483647;
			files = (
			);
			inputFileListPaths = (
			);
			inputPaths = (
				"${PODS_PODFILE_DIR_PATH}/Podfile.lock",
				"${PODS_ROOT}/Manifest.lock",
			);
			name = "[CP] Check Pods Manifest.lock";
			outputFileListPaths = (
			);
			outputPaths = (
				"$(DERIVED_FILE_DIR)/Pods-ChatApp-checkManifestLockResult.txt",
			);
			runOnlyForDeploymentPostprocessing = 0;
			shellPath = /bin/sh;
			shellScript = "diff \"${PODS_PODFILE_DIR_PATH}/Podfile.lock\" \"${PODS_ROOT}/Manifest.lock\" > /dev/null\nif [ $? != 0 ] ; then\n    # print error to STDERR\n    echo \"error: The sandbox is not in sync with the Podfile.lock. Run 'pod install' or update your CocoaPods installation.\" >&2\n    exit 1\nfi\n# This output is used by Xcode 'outputs' to avoid re-running this script phase.\necho \"SUCCESS\" > \"${SCRIPT_OUTPUT_FILE_0}\"\n";
			showEnvVarsInLog = 0;
		};
		F3A1C7ADA426C3C6BEA14F2C /* [CP] Embed Pods Frameworks */ = {
			isa = PBXShellScriptBuildPhase;
			buildActionMask = 2147483647;
			files = (
			);
			inputFileListPaths = (
				"${PODS_ROOT}/Target Support Files/Pods-ChatApp/Pods-ChatApp-frameworks-${CONFIGURATION}-input-files.xcfilelist",
			);
			name = "[CP] Embed Pods Frameworks";
			outputFileListPaths = (
				"${PODS_ROOT}/Target Support Files/Pods-ChatApp/Pods-ChatApp-frameworks-${CONFIGURATION}-output-files.xcfilelist",
			);
			runOnlyForDeploymentPostprocessing = 0;
			shellPath = /bin/sh;
			shellScript = "\"${PODS_ROOT}/Target Support Files/Pods-ChatApp/Pods-ChatApp-frameworks.sh\"\n";
			showEnvVarsInLog = 0;
		};
/* End PBXShellScriptBuildPhase section */

/* Begin PBXSourcesBuildPhase section */
		84CDB7B225FCD14900F9A76D /* Sources */ = {
			isa = PBXSourcesBuildPhase;
			buildActionMask = 2147483647;
			files = (
				84CDB7FC25FCD9FD00F9A76D /* SignUpViewController.swift in Sources */,
				84CDB82625FD281E00F9A76D /* WebImageView.swift in Sources */,
				84CDB7BE25FCD14900F9A76D /* ViewController.swift in Sources */,
				84CDB81825FCFC7C00F9A76D /* MenuViewController.swift in Sources */,
				84CDB82A25FD2CF700F9A76D /* MenuTableView.swift in Sources */,
				84CDB7BA25FCD14900F9A76D /* AppDelegate.swift in Sources */,
				84CDB80325FCDC3C00F9A76D /* Extensions.swift in Sources */,
				84CDB7F625FCD99A00F9A76D /* ChatViewController.swift in Sources */,
				84CDB80725FCDCC200F9A76D /* ActionButton.swift in Sources */,
				84CDB81F25FD1C4300F9A76D /* ContainerViewController.swift in Sources */,
				84CDB82325FD280400F9A76D /* ProfileHeader.swift in Sources */,
				84CDB81B25FCFC9A00F9A76D /* SettingsViewController.swift in Sources */,
				84CDB7F925FCD9EB00F9A76D /* LoginViewController.swift in Sources */,
				84CDB80B25FCE61600F9A76D /* Service.swift in Sources */,
				84CDB7BC25FCD14900F9A76D /* SceneDelegate.swift in Sources */,
				84CDB81225FCE69F00F9A76D /* Message.swift in Sources */,
				84CDB80025FCDC0B00F9A76D /* UserAuthWithEmailView.swift in Sources */,
				84CDB80F25FCE69200F9A76D /* User.swift in Sources */,
				849325952602C35800A8029C /* SettingsView.swift in Sources */,
			);
			runOnlyForDeploymentPostprocessing = 0;
		};
/* End PBXSourcesBuildPhase section */

/* Begin PBXVariantGroup section */
		84CDB7BF25FCD14900F9A76D /* Main.storyboard */ = {
			isa = PBXVariantGroup;
			children = (
				84CDB7C025FCD14900F9A76D /* Base */,
			);
			name = Main.storyboard;
			sourceTree = "<group>";
		};
		84CDB7C425FCD14B00F9A76D /* LaunchScreen.storyboard */ = {
			isa = PBXVariantGroup;
			children = (
				84CDB7C525FCD14B00F9A76D /* Base */,
			);
			name = LaunchScreen.storyboard;
			sourceTree = "<group>";
		};
/* End PBXVariantGroup section */

/* Begin XCBuildConfiguration section */
		84CDB7C825FCD14B00F9A76D /* Debug */ = {
			isa = XCBuildConfiguration;
			buildSettings = {
				ALWAYS_SEARCH_USER_PATHS = NO;
				CLANG_ANALYZER_NONNULL = YES;
				CLANG_ANALYZER_NUMBER_OBJECT_CONVERSION = YES_AGGRESSIVE;
				CLANG_CXX_LANGUAGE_STANDARD = "gnu++14";
				CLANG_CXX_LIBRARY = "libc++";
				CLANG_ENABLE_MODULES = YES;
				CLANG_ENABLE_OBJC_ARC = YES;
				CLANG_ENABLE_OBJC_WEAK = YES;
				CLANG_WARN_BLOCK_CAPTURE_AUTORELEASING = YES;
				CLANG_WARN_BOOL_CONVERSION = YES;
				CLANG_WARN_COMMA = YES;
				CLANG_WARN_CONSTANT_CONVERSION = YES;
				CLANG_WARN_DEPRECATED_OBJC_IMPLEMENTATIONS = YES;
				CLANG_WARN_DIRECT_OBJC_ISA_USAGE = YES_ERROR;
				CLANG_WARN_DOCUMENTATION_COMMENTS = YES;
				CLANG_WARN_EMPTY_BODY = YES;
				CLANG_WARN_ENUM_CONVERSION = YES;
				CLANG_WARN_INFINITE_RECURSION = YES;
				CLANG_WARN_INT_CONVERSION = YES;
				CLANG_WARN_NON_LITERAL_NULL_CONVERSION = YES;
				CLANG_WARN_OBJC_IMPLICIT_RETAIN_SELF = YES;
				CLANG_WARN_OBJC_LITERAL_CONVERSION = YES;
				CLANG_WARN_OBJC_ROOT_CLASS = YES_ERROR;
				CLANG_WARN_QUOTED_INCLUDE_IN_FRAMEWORK_HEADER = YES;
				CLANG_WARN_RANGE_LOOP_ANALYSIS = YES;
				CLANG_WARN_STRICT_PROTOTYPES = YES;
				CLANG_WARN_SUSPICIOUS_MOVE = YES;
				CLANG_WARN_UNGUARDED_AVAILABILITY = YES_AGGRESSIVE;
				CLANG_WARN_UNREACHABLE_CODE = YES;
				CLANG_WARN__DUPLICATE_METHOD_MATCH = YES;
				COPY_PHASE_STRIP = NO;
				DEBUG_INFORMATION_FORMAT = dwarf;
				ENABLE_STRICT_OBJC_MSGSEND = YES;
				ENABLE_TESTABILITY = YES;
				GCC_C_LANGUAGE_STANDARD = gnu11;
				GCC_DYNAMIC_NO_PIC = NO;
				GCC_NO_COMMON_BLOCKS = YES;
				GCC_OPTIMIZATION_LEVEL = 0;
				GCC_PREPROCESSOR_DEFINITIONS = (
					"DEBUG=1",
					"$(inherited)",
				);
				GCC_WARN_64_TO_32_BIT_CONVERSION = YES;
				GCC_WARN_ABOUT_RETURN_TYPE = YES_ERROR;
				GCC_WARN_UNDECLARED_SELECTOR = YES;
				GCC_WARN_UNINITIALIZED_AUTOS = YES_AGGRESSIVE;
				GCC_WARN_UNUSED_FUNCTION = YES;
				GCC_WARN_UNUSED_VARIABLE = YES;
				IPHONEOS_DEPLOYMENT_TARGET = 14.4;
				MTL_ENABLE_DEBUG_INFO = INCLUDE_SOURCE;
				MTL_FAST_MATH = YES;
				ONLY_ACTIVE_ARCH = YES;
				SDKROOT = iphoneos;
				SWIFT_ACTIVE_COMPILATION_CONDITIONS = DEBUG;
				SWIFT_OPTIMIZATION_LEVEL = "-Onone";
			};
			name = Debug;
		};
		84CDB7C925FCD14B00F9A76D /* Release */ = {
			isa = XCBuildConfiguration;
			buildSettings = {
				ALWAYS_SEARCH_USER_PATHS = NO;
				CLANG_ANALYZER_NONNULL = YES;
				CLANG_ANALYZER_NUMBER_OBJECT_CONVERSION = YES_AGGRESSIVE;
				CLANG_CXX_LANGUAGE_STANDARD = "gnu++14";
				CLANG_CXX_LIBRARY = "libc++";
				CLANG_ENABLE_MODULES = YES;
				CLANG_ENABLE_OBJC_ARC = YES;
				CLANG_ENABLE_OBJC_WEAK = YES;
				CLANG_WARN_BLOCK_CAPTURE_AUTORELEASING = YES;
				CLANG_WARN_BOOL_CONVERSION = YES;
				CLANG_WARN_COMMA = YES;
				CLANG_WARN_CONSTANT_CONVERSION = YES;
				CLANG_WARN_DEPRECATED_OBJC_IMPLEMENTATIONS = YES;
				CLANG_WARN_DIRECT_OBJC_ISA_USAGE = YES_ERROR;
				CLANG_WARN_DOCUMENTATION_COMMENTS = YES;
				CLANG_WARN_EMPTY_BODY = YES;
				CLANG_WARN_ENUM_CONVERSION = YES;
				CLANG_WARN_INFINITE_RECURSION = YES;
				CLANG_WARN_INT_CONVERSION = YES;
				CLANG_WARN_NON_LITERAL_NULL_CONVERSION = YES;
				CLANG_WARN_OBJC_IMPLICIT_RETAIN_SELF = YES;
				CLANG_WARN_OBJC_LITERAL_CONVERSION = YES;
				CLANG_WARN_OBJC_ROOT_CLASS = YES_ERROR;
				CLANG_WARN_QUOTED_INCLUDE_IN_FRAMEWORK_HEADER = YES;
				CLANG_WARN_RANGE_LOOP_ANALYSIS = YES;
				CLANG_WARN_STRICT_PROTOTYPES = YES;
				CLANG_WARN_SUSPICIOUS_MOVE = YES;
				CLANG_WARN_UNGUARDED_AVAILABILITY = YES_AGGRESSIVE;
				CLANG_WARN_UNREACHABLE_CODE = YES;
				CLANG_WARN__DUPLICATE_METHOD_MATCH = YES;
				COPY_PHASE_STRIP = NO;
				DEBUG_INFORMATION_FORMAT = "dwarf-with-dsym";
				ENABLE_NS_ASSERTIONS = NO;
				ENABLE_STRICT_OBJC_MSGSEND = YES;
				GCC_C_LANGUAGE_STANDARD = gnu11;
				GCC_NO_COMMON_BLOCKS = YES;
				GCC_WARN_64_TO_32_BIT_CONVERSION = YES;
				GCC_WARN_ABOUT_RETURN_TYPE = YES_ERROR;
				GCC_WARN_UNDECLARED_SELECTOR = YES;
				GCC_WARN_UNINITIALIZED_AUTOS = YES_AGGRESSIVE;
				GCC_WARN_UNUSED_FUNCTION = YES;
				GCC_WARN_UNUSED_VARIABLE = YES;
				IPHONEOS_DEPLOYMENT_TARGET = 14.4;
				MTL_ENABLE_DEBUG_INFO = NO;
				MTL_FAST_MATH = YES;
				SDKROOT = iphoneos;
				SWIFT_COMPILATION_MODE = wholemodule;
				SWIFT_OPTIMIZATION_LEVEL = "-O";
				VALIDATE_PRODUCT = YES;
			};
			name = Release;
		};
		84CDB7CB25FCD14B00F9A76D /* Debug */ = {
			isa = XCBuildConfiguration;
			baseConfigurationReference = E4157C3B7A8CF55C92227273 /* Pods-ChatApp.debug.xcconfig */;
			buildSettings = {
				ASSETCATALOG_COMPILER_APPICON_NAME = AppIcon;
				ASSETCATALOG_COMPILER_GLOBAL_ACCENT_COLOR_NAME = AccentColor;
				CODE_SIGN_STYLE = Automatic;
				DEVELOPMENT_TEAM = 245L36N25P;
				INFOPLIST_FILE = ChatApp/Info.plist;
				LD_RUNPATH_SEARCH_PATHS = (
					"$(inherited)",
					"@executable_path/Frameworks",
				);
				PRODUCT_BUNDLE_IDENTIFIER = com.antondrogonov.ChatApp;
				PRODUCT_NAME = "$(TARGET_NAME)";
				SWIFT_VERSION = 5.0;
				TARGETED_DEVICE_FAMILY = "1,2";
			};
			name = Debug;
		};
		84CDB7CC25FCD14B00F9A76D /* Release */ = {
			isa = XCBuildConfiguration;
			baseConfigurationReference = C1EA70F4FC9C1EDE3F59735E /* Pods-ChatApp.release.xcconfig */;
			buildSettings = {
				ASSETCATALOG_COMPILER_APPICON_NAME = AppIcon;
				ASSETCATALOG_COMPILER_GLOBAL_ACCENT_COLOR_NAME = AccentColor;
				CODE_SIGN_STYLE = Automatic;
				DEVELOPMENT_TEAM = 245L36N25P;
				INFOPLIST_FILE = ChatApp/Info.plist;
				LD_RUNPATH_SEARCH_PATHS = (
					"$(inherited)",
					"@executable_path/Frameworks",
				);
				PRODUCT_BUNDLE_IDENTIFIER = com.antondrogonov.ChatApp;
				PRODUCT_NAME = "$(TARGET_NAME)";
				SWIFT_VERSION = 5.0;
				TARGETED_DEVICE_FAMILY = "1,2";
			};
			name = Release;
		};
/* End XCBuildConfiguration section */

/* Begin XCConfigurationList section */
		84CDB7B125FCD14900F9A76D /* Build configuration list for PBXProject "ChatApp" */ = {
			isa = XCConfigurationList;
			buildConfigurations = (
				84CDB7C825FCD14B00F9A76D /* Debug */,
				84CDB7C925FCD14B00F9A76D /* Release */,
			);
			defaultConfigurationIsVisible = 0;
			defaultConfigurationName = Release;
		};
		84CDB7CA25FCD14B00F9A76D /* Build configuration list for PBXNativeTarget "ChatApp" */ = {
			isa = XCConfigurationList;
			buildConfigurations = (
				84CDB7CB25FCD14B00F9A76D /* Debug */,
				84CDB7CC25FCD14B00F9A76D /* Release */,
			);
			defaultConfigurationIsVisible = 0;
			defaultConfigurationName = Release;
		};
/* End XCConfigurationList section */
	};
	rootObject = 84CDB7AE25FCD14900F9A76D /* Project object */;
}
